
Microsoft Visual Studio Solution File, Format Version 12.00
# Visual Studio 15
Project("{FAE04EC0-301F-11D3-BF4B-00C04F79EFBC}") = "Assembly-CSharp", "Assembly-CSharp.csproj", "{C48AD5A2-76BC-9E9F-F293-983BA364E504}"
EndProject
Project("{FAE04EC0-301F-11D3-BF4B-00C04F79EFBC}") = "Unity.XR.Interaction.Toolkit.Samples.DeviceSimulator", "Unity.XR.Interaction.Toolkit.Samples.DeviceSimulator.csproj", "{C0C742EE-103D-7E2A-F05C-C38D8D1944E1}"
EndProject
Project("{FAE04EC0-301F-11D3-BF4B-00C04F79EFBC}") = "Unity.XR.Interaction.Toolkit.Samples.StarterAssets", "Unity.XR.Interaction.Toolkit.Samples.StarterAssets.csproj", "{E9E5A717-9070-6690-0FA3-A8D10B5FB182}"
EndProject
Project("{FAE04EC0-301F-11D3-BF4B-00C04F79EFBC}") = "Unity.XR.Interaction.Toolkit.Samples.StarterAssets.Editor", "Unity.XR.Interaction.Toolkit.Samples.StarterAssets.Editor.csproj", "{0C329CDF-CDDF-BE62-0E2D-AFBDD762DE99}"
EndProject
Project("{FAE04EC0-301F-11D3-BF4B-00C04F79EFBC}") = "Unity.XR.Interaction.Toolkit.Samples.Hands", "Unity.XR.Interaction.Toolkit.Samples.Hands.csproj", "{77475FC6-E02D-085A-819C-7F59E8C0E9DE}"
EndProject
Project("{FAE04EC0-301F-11D3-BF4B-00C04F79EFBC}") = "Unity.XR.Hands.Samples.VisualizerSample", "Unity.XR.Hands.Samples.VisualizerSample.csproj", "{1D25AC77-775E-6CAD-4063-0D2C1EFCFAEF}"
EndProject
Project("{FAE04EC0-301F-11D3-BF4B-00C04F79EFBC}") = "Assembly-CSharp-Editor", "Assembly-CSharp-Editor.csproj", "{D307D50F-4A5E-E8C0-EF14-A66197FC9B46}"
EndProject
Project("{FAE04EC0-301F-11D3-BF4B-00C04F79EFBC}") = "Unity.XR.Interaction.Toolkit.Samples.InteractionSimulator.Editor", "Unity.XR.Interaction.Toolkit.Samples.InteractionSimulator.Editor.csproj", "{5C26DB04-DFA7-11B5-1326-83818EC4EED3}"
EndProject
Project("{FAE04EC0-301F-11D3-BF4B-00C04F79EFBC}") = "Unity.XR.Interaction.Toolkit.Samples.InteractionSimulator", "Unity.XR.Interaction.Toolkit.Samples.InteractionSimulator.csproj", "{BC9916D6-74C5-1DC7-75CD-B5B39453C3F3}"
EndProject
Project("{FAE04EC0-301F-11D3-BF4B-00C04F79EFBC}") = "Unity.XR.Interaction.Toolkit.Samples.Hands.Editor", "Unity.XR.Interaction.Toolkit.Samples.Hands.Editor.csproj", "{1A16B17C-D8B2-520A-6011-90822BF74AB2}"
EndProject
Global
	GlobalSection(SolutionConfigurationPlatforms) = preSolution
		Debug|Any CPU = Debug|Any CPU
		Release|Any CPU = Release|Any CPU
	EndGlobalSection
	GlobalSection(ProjectConfigurationPlatforms) = postSolution
		{C48AD5A2-76BC-9E9F-F293-983BA364E504}.Debug|Any CPU.ActiveCfg = Debug|Any CPU
		{C48AD5A2-76BC-9E9F-F293-983BA364E504}.Debug|Any CPU.Build.0 = Debug|Any CPU
		{C48AD5A2-76BC-9E9F-F293-983BA364E504}.Release|Any CPU.ActiveCfg = Release|Any CPU
		{C48AD5A2-76BC-9E9F-F293-983BA364E504}.Release|Any CPU.Build.0 = Release|Any CPU
		{C0C742EE-103D-7E2A-F05C-C38D8D1944E1}.Debug|Any CPU.ActiveCfg = Debug|Any CPU
		{C0C742EE-103D-7E2A-F05C-C38D8D1944E1}.Debug|Any CPU.Build.0 = Debug|Any CPU
		{C0C742EE-103D-7E2A-F05C-C38D8D1944E1}.Release|Any CPU.ActiveCfg = Release|Any CPU
		{C0C742EE-103D-7E2A-F05C-C38D8D1944E1}.Release|Any CPU.Build.0 = Release|Any CPU
		{E9E5A717-9070-6690-0FA3-A8D10B5FB182}.Debug|Any CPU.ActiveCfg = Debug|Any CPU
		{E9E5A717-9070-6690-0FA3-A8D10B5FB182}.Debug|Any CPU.Build.0 = Debug|Any CPU
		{E9E5A717-9070-6690-0FA3-A8D10B5FB182}.Release|Any CPU.ActiveCfg = Release|Any CPU
		{E9E5A717-9070-6690-0FA3-A8D10B5FB182}.Release|Any CPU.Build.0 = Release|Any CPU
		{0C329CDF-CDDF-BE62-0E2D-AFBDD762DE99}.Debug|Any CPU.ActiveCfg = Debug|Any CPU
		{0C329CDF-CDDF-BE62-0E2D-AFBDD762DE99}.Debug|Any CPU.Build.0 = Debug|Any CPU
		{0C329CDF-CDDF-BE62-0E2D-AFBDD762DE99}.Release|Any CPU.ActiveCfg = Release|Any CPU
		{0C329CDF-CDDF-BE62-0E2D-AFBDD762DE99}.Release|Any CPU.Build.0 = Release|Any CPU
		{77475FC6-E02D-085A-819C-7F59E8C0E9DE}.Debug|Any CPU.ActiveCfg = Debug|Any CPU
		{77475FC6-E02D-085A-819C-7F59E8C0E9DE}.Debug|Any CPU.Build.0 = Debug|Any CPU
		{77475FC6-E02D-085A-819C-7F59E8C0E9DE}.Release|Any CPU.ActiveCfg = Release|Any CPU
		{77475FC6-E02D-085A-819C-7F59E8C0E9DE}.Release|Any CPU.Build.0 = Release|Any CPU
		{1D25AC77-775E-6CAD-4063-0D2C1EFCFAEF}.Debug|Any CPU.ActiveCfg = Debug|Any CPU
		{1D25AC77-775E-6CAD-4063-0D2C1EFCFAEF}.Debug|Any CPU.Build.0 = Debug|Any CPU
		{1D25AC77-775E-6CAD-4063-0D2C1EFCFAEF}.Release|Any CPU.ActiveCfg = Release|Any CPU
		{1D25AC77-775E-6CAD-4063-0D2C1EFCFAEF}.Release|Any CPU.Build.0 = Release|Any CPU
		{D307D50F-4A5E-E8C0-EF14-A66197FC9B46}.Debug|Any CPU.ActiveCfg = Debug|Any CPU
		{D307D50F-4A5E-E8C0-EF14-A66197FC9B46}.Debug|Any CPU.Build.0 = Debug|Any CPU
		{D307D50F-4A5E-E8C0-EF14-A66197FC9B46}.Release|Any CPU.ActiveCfg = Release|Any CPU
		{D307D50F-4A5E-E8C0-EF14-A66197FC9B46}.Release|Any CPU.Build.0 = Release|Any CPU
		{5C26DB04-DFA7-11B5-1326-83818EC4EED3}.Debug|Any CPU.ActiveCfg = Debug|Any CPU
		{5C26DB04-DFA7-11B5-1326-83818EC4EED3}.Debug|Any CPU.Build.0 = Debug|Any CPU
		{5C26DB04-DFA7-11B5-1326-83818EC4EED3}.Release|Any CPU.ActiveCfg = Release|Any CPU
		{5C26DB04-DFA7-11B5-1326-83818EC4EED3}.Release|Any CPU.Build.0 = Release|Any CPU
		{BC9916D6-74C5-1DC7-75CD-B5B39453C3F3}.Debug|Any CPU.ActiveCfg = Debug|Any CPU
		{BC9916D6-74C5-1DC7-75CD-B5B39453C3F3}.Debug|Any CPU.Build.0 = Debug|Any CPU
		{BC9916D6-74C5-1DC7-75CD-B5B39453C3F3}.Release|Any CPU.ActiveCfg = Release|Any CPU
		{BC9916D6-74C5-1DC7-75CD-B5B39453C3F3}.Release|Any CPU.Build.0 = Release|Any CPU
		{1A16B17C-D8B2-520A-6011-90822BF74AB2}.Debug|Any CPU.ActiveCfg = Debug|Any CPU
		{1A16B17C-D8B2-520A-6011-90822BF74AB2}.Debug|Any CPU.Build.0 = Debug|Any CPU
		{1A16B17C-D8B2-520A-6011-90822BF74AB2}.Release|Any CPU.ActiveCfg = Release|Any CPU
		{1A16B17C-D8B2-520A-6011-90822BF74AB2}.Release|Any CPU.Build.0 = Release|Any CPU
	EndGlobalSection
	GlobalSection(SolutionProperties) = preSolution
		HideSolutionNode = FALSE
	EndGlobalSection
EndGlobal
